
Microsoft Visual Studio Solution File, Format Version 12.00
# Visual Studio Version 17
VisualStudioVersion = 17.0.31919.166
MinimumVisualStudioVersion = 10.0.40219.1
Project("{FAE04EC0-301F-11D3-BF4B-00C04F79EFBC}") = "ExportToExcel", "ExportToExcel\ExportToExcel.csproj", "{AA2CF048-08C2-4D6D-8371-E5E8E9137010}"
EndProject
Global
	GlobalSection(SolutionConfigurationPlatforms) = preSolution
		Debug|Any CPU = Debug|Any CPU
		Release|Any CPU = Release|Any CPU
	EndGlobalSection
	GlobalSection(ProjectConfigurationPlatforms) = postSolution
		{AA2CF048-08C2-4D6D-8371-E5E8E9137010}.Debug|Any CPU.ActiveCfg = Debug|Any CPU
		{AA2CF048-08C2-4D6D-8371-E5E8E9137010}.Debug|Any CPU.Build.0 = Debug|Any CPU
		{AA2CF048-08C2-4D6D-8371-E5E8E9137010}.Release|Any CPU.ActiveCfg = Release|Any CPU
		{AA2CF048-08C2-4D6D-8371-E5E8E9137010}.Release|Any CPU.Build.0 = Release|Any CPU
	EndGlobalSection
	GlobalSection(SolutionProperties) = preSolution
		HideSolutionNode = FALSE
	EndGlobalSection
	GlobalSection(ExtensibilityGlobals) = postSolution
		SolutionGuid = {5D8AC82D-DE2E-42DC-94C9-F3CED032FFD4}
	EndGlobalSection
EndGlobal
